
Microsoft Visual Studio Solution File, Format Version 12.00
# Visual Studio 15
VisualStudioVersion = 15.0.28010.2046
MinimumVisualStudioVersion = 10.0.40219.1
Project("{FAE04EC0-301F-11D3-BF4B-00C04F79EFBC}") = "CarsStockListing", "CarsStockListing\CarsStockListing.csproj", "{03B3F224-F3D6-47B0-8E6E-B0851A2AEB94}"
EndProject
Global
	GlobalSection(SolutionConfigurationPlatforms) = preSolution
		Debug|Any CPU = Debug|Any CPU
		Release|Any CPU = Release|Any CPU
	EndGlobalSection
	GlobalSection(ProjectConfigurationPlatforms) = postSolution
		{03B3F224-F3D6-47B0-8E6E-B0851A2AEB94}.Debug|Any CPU.ActiveCfg = Debug|Any CPU
		{03B3F224-F3D6-47B0-8E6E-B0851A2AEB94}.Debug|Any CPU.Build.0 = Debug|Any CPU
		{03B3F224-F3D6-47B0-8E6E-B0851A2AEB94}.Release|Any CPU.ActiveCfg = Release|Any CPU
		{03B3F224-F3D6-47B0-8E6E-B0851A2AEB94}.Release|Any CPU.Build.0 = Release|Any CPU
	EndGlobalSection
	GlobalSection(SolutionProperties) = preSolution
		HideSolutionNode = FALSE
	EndGlobalSection
	GlobalSection(ExtensibilityGlobals) = postSolution
		SolutionGuid = {4BC3EFED-4858-4711-BF41-296309B2B41A}
	EndGlobalSection
EndGlobal
